
Microsoft Visual Studio Solution File, Format Version 12.00
Project("{FAE04EC0-301F-11D3-BF4B-00C04F79EFBC}") = "TicketBooking.API", "TicketBooking.API\TicketBooking.API.csproj", "{72DBCD5C-8A5A-4DBD-A228-331295C74C41}"
EndProject
Project("{2150E333-8FDC-42A3-9474-1A3956D46DE8}") = "Solution Items", "Solution Items", "{EC009AA5-1C02-453A-837A-7C1C911996D4}"
	ProjectSection(SolutionItems) = preProject
		compose.yaml = compose.yaml
	EndProjectSection
EndProject
Global
	GlobalSection(SolutionConfigurationPlatforms) = preSolution
		Debug|Any CPU = Debug|Any CPU
		Release|Any CPU = Release|Any CPU
	EndGlobalSection
	GlobalSection(ProjectConfigurationPlatforms) = postSolution
		{72DBCD5C-8A5A-4DBD-A228-331295C74C41}.Debug|Any CPU.ActiveCfg = Debug|Any CPU
		{72DBCD5C-8A5A-4DBD-A228-331295C74C41}.Debug|Any CPU.Build.0 = Debug|Any CPU
		{72DBCD5C-8A5A-4DBD-A228-331295C74C41}.Release|Any CPU.ActiveCfg = Release|Any CPU
		{72DBCD5C-8A5A-4DBD-A228-331295C74C41}.Release|Any CPU.Build.0 = Release|Any CPU
	EndGlobalSection
EndGlobal
